
Microsoft Visual Studio Solution File, Format Version 12.00
# Visual Studio Version 17
VisualStudioVersion = 17.10.35122.118
MinimumVisualStudioVersion = 10.0.40219.1
Project("{FAE04EC0-301F-11D3-BF4B-00C04F79EFBC}") = "Inner_Factory", "Inner_Factory\Inner_Factory.csproj", "{3598E2D7-DED8-47A0-941A-57D854840403}"
EndProject
Global
	GlobalSection(SolutionConfigurationPlatforms) = preSolution
		Debug|Any CPU = Debug|Any CPU
		Release|Any CPU = Release|Any CPU
	EndGlobalSection
	GlobalSection(ProjectConfigurationPlatforms) = postSolution
		{3598E2D7-DED8-47A0-941A-57D854840403}.Debug|Any CPU.ActiveCfg = Debug|Any CPU
		{3598E2D7-DED8-47A0-941A-57D854840403}.Debug|Any CPU.Build.0 = Debug|Any CPU
		{3598E2D7-DED8-47A0-941A-57D854840403}.Release|Any CPU.ActiveCfg = Release|Any CPU
		{3598E2D7-DED8-47A0-941A-57D854840403}.Release|Any CPU.Build.0 = Release|Any CPU
	EndGlobalSection
	GlobalSection(SolutionProperties) = preSolution
		HideSolutionNode = FALSE
	EndGlobalSection
	GlobalSection(ExtensibilityGlobals) = postSolution
		SolutionGuid = {8090BAB3-792E-4177-AE93-F0CECD4BCAEB}
	EndGlobalSection
EndGlobal
